
Microsoft Visual Studio Solution File, Format Version 12.00
# Visual Studio Version 17
VisualStudioVersion = 17.4.33213.308
MinimumVisualStudioVersion = 10.0.40219.1
Project("{FAE04EC0-301F-11D3-BF4B-00C04F79EFBC}") = "Deliverable (3)", "Deliverable (3)\Deliverable (3).csproj", "{CC5E5F40-2DED-4B59-B39D-473E190C241C}"
EndProject
Global
	GlobalSection(SolutionConfigurationPlatforms) = preSolution
		Debug|Any CPU = Debug|Any CPU
		Release|Any CPU = Release|Any CPU
	EndGlobalSection
	GlobalSection(ProjectConfigurationPlatforms) = postSolution
		{CC5E5F40-2DED-4B59-B39D-473E190C241C}.Debug|Any CPU.ActiveCfg = Debug|Any CPU
		{CC5E5F40-2DED-4B59-B39D-473E190C241C}.Debug|Any CPU.Build.0 = Debug|Any CPU
		{CC5E5F40-2DED-4B59-B39D-473E190C241C}.Release|Any CPU.ActiveCfg = Release|Any CPU
		{CC5E5F40-2DED-4B59-B39D-473E190C241C}.Release|Any CPU.Build.0 = Release|Any CPU
	EndGlobalSection
	GlobalSection(SolutionProperties) = preSolution
		HideSolutionNode = FALSE
	EndGlobalSection
	GlobalSection(ExtensibilityGlobals) = postSolution
		SolutionGuid = {00B4AFBE-A8C2-4A84-8462-D0583ECE7A0F}
	EndGlobalSection
EndGlobal
